
Microsoft Visual Studio Solution File, Format Version 12.00
# Visual Studio Version 17
VisualStudioVersion = 17.6.33815.320
MinimumVisualStudioVersion = 10.0.40219.1
Project("{FAE04EC0-301F-11D3-BF4B-00C04F79EFBC}") = "Stock", "Stock\Stock.csproj", "{178EC3EC-37BC-4AFF-81FC-B2663A368DB2}"
EndProject
Global
	GlobalSection(SolutionConfigurationPlatforms) = preSolution
		Debug|Any CPU = Debug|Any CPU
		Release|Any CPU = Release|Any CPU
	EndGlobalSection
	GlobalSection(ProjectConfigurationPlatforms) = postSolution
		{178EC3EC-37BC-4AFF-81FC-B2663A368DB2}.Debug|Any CPU.ActiveCfg = Debug|Any CPU
		{178EC3EC-37BC-4AFF-81FC-B2663A368DB2}.Debug|Any CPU.Build.0 = Debug|Any CPU
		{178EC3EC-37BC-4AFF-81FC-B2663A368DB2}.Release|Any CPU.ActiveCfg = Release|Any CPU
		{178EC3EC-37BC-4AFF-81FC-B2663A368DB2}.Release|Any CPU.Build.0 = Release|Any CPU
	EndGlobalSection
	GlobalSection(SolutionProperties) = preSolution
		HideSolutionNode = FALSE
	EndGlobalSection
	GlobalSection(ExtensibilityGlobals) = postSolution
		SolutionGuid = {5A621050-B3AF-4BCF-B119-EE0E01B3B1CB}
	EndGlobalSection
EndGlobal
